
Microsoft Visual Studio Solution File, Format Version 12.00
# Visual Studio Version 17
VisualStudioVersion = 17.2.32519.379
MinimumVisualStudioVersion = 10.0.40219.1
Project("{9A19103F-16F7-4668-BE54-9A1E7A4F7556}") = "SalesWebMvc", "SalesWebMvc.csproj", "{B049C529-4894-4DAE-A689-B88AC2CC5385}"
EndProject
Global
	GlobalSection(SolutionConfigurationPlatforms) = preSolution
		Debug|Any CPU = Debug|Any CPU
		Release|Any CPU = Release|Any CPU
	EndGlobalSection
	GlobalSection(ProjectConfigurationPlatforms) = postSolution
		{B049C529-4894-4DAE-A689-B88AC2CC5385}.Debug|Any CPU.ActiveCfg = Debug|Any CPU
		{B049C529-4894-4DAE-A689-B88AC2CC5385}.Debug|Any CPU.Build.0 = Debug|Any CPU
		{B049C529-4894-4DAE-A689-B88AC2CC5385}.Release|Any CPU.ActiveCfg = Release|Any CPU
		{B049C529-4894-4DAE-A689-B88AC2CC5385}.Release|Any CPU.Build.0 = Release|Any CPU
	EndGlobalSection
	GlobalSection(SolutionProperties) = preSolution
		HideSolutionNode = FALSE
	EndGlobalSection
	GlobalSection(ExtensibilityGlobals) = postSolution
		SolutionGuid = {0F0E297B-6F31-4B56-879D-B4F94257D0D1}
	EndGlobalSection
EndGlobal
